
Microsoft Visual Studio Solution File, Format Version 12.00
# Visual Studio 15
VisualStudioVersion = 15.0.28307.136
MinimumVisualStudioVersion = 10.0.40219.1
Project("{8BC9CEB8-8B4A-11D0-8D11-00A0C91BC942}") = "Checker4", "Checker4.vcxproj", "{00207450-EDDA-490B-AADF-A69092653232}"
EndProject
Global
	GlobalSection(SolutionConfigurationPlatforms) = preSolution
		Debug|Win32 = Debug|Win32
		Release|Win32 = Release|Win32
	EndGlobalSection
	GlobalSection(ProjectConfigurationPlatforms) = postSolution
		{00207450-EDDA-490B-AADF-A69092653232}.Debug|Win32.ActiveCfg = Debug|Win32
		{00207450-EDDA-490B-AADF-A69092653232}.Debug|Win32.Build.0 = Debug|Win32
		{00207450-EDDA-490B-AADF-A69092653232}.Release|Win32.ActiveCfg = Release|Win32
		{00207450-EDDA-490B-AADF-A69092653232}.Release|Win32.Build.0 = Release|Win32
	EndGlobalSection
	GlobalSection(SolutionProperties) = preSolution
		HideSolutionNode = FALSE
	EndGlobalSection
	GlobalSection(ExtensibilityGlobals) = postSolution
		SolutionGuid = {4C59A742-58E8-4080-833A-5B314AB8A83A}
	EndGlobalSection
EndGlobal
